
Microsoft Visual Studio Solution File, Format Version 12.00
# Visual Studio Version 16
VisualStudioVersion = 16.0.31229.75
MinimumVisualStudioVersion = 10.0.40219.1
Project("{2150E333-8FDC-42A3-9474-1A3956D46DE8}") = "BACKEND", "BACKEND", "{678A6E6D-AF95-4CF3-9A6B-18EABA01D252}"
EndProject
Project("{2150E333-8FDC-42A3-9474-1A3956D46DE8}") = "FRONTEND", "FRONTEND", "{B5A210D4-8750-4DC9-A354-0C736BD9A4BA}"
EndProject
Project("{2150E333-8FDC-42A3-9474-1A3956D46DE8}") = "API", "API", "{7C7EE0B9-4301-483F-975B-49A98B113314}"
EndProject
Project("{2150E333-8FDC-42A3-9474-1A3956D46DE8}") = "DOMAIN", "DOMAIN", "{3222E3F4-6168-453D-8F08-FE1EC0008629}"
EndProject
Project("{2150E333-8FDC-42A3-9474-1A3956D46DE8}") = "INFRA", "INFRA", "{88EEA512-8296-4F9A-84D4-A3D14F26EB31}"
EndProject
Project("{9A19103F-16F7-4668-BE54-9A1E7A4F7556}") = "Domain", "Domain\Domain.csproj", "{D2B2F652-C6ED-43D6-B42C-9883FBD87E1C}"
EndProject
Project("{9A19103F-16F7-4668-BE54-9A1E7A4F7556}") = "Infra", "Infra\Infra.csproj", "{367BABA8-4046-4058-BAA7-8693B92DBCEE}"
EndProject
Project("{FAE04EC0-301F-11D3-BF4B-00C04F79EFBC}") = "Api", "Api\Api.csproj", "{1BE93834-B2D6-4175-9D9B-E174B4DB4453}"
EndProject
Global
	GlobalSection(SolutionConfigurationPlatforms) = preSolution
		Debug|Any CPU = Debug|Any CPU
		Release|Any CPU = Release|Any CPU
	EndGlobalSection
	GlobalSection(ProjectConfigurationPlatforms) = postSolution
		{D2B2F652-C6ED-43D6-B42C-9883FBD87E1C}.Debug|Any CPU.ActiveCfg = Debug|Any CPU
		{D2B2F652-C6ED-43D6-B42C-9883FBD87E1C}.Debug|Any CPU.Build.0 = Debug|Any CPU
		{D2B2F652-C6ED-43D6-B42C-9883FBD87E1C}.Release|Any CPU.ActiveCfg = Release|Any CPU
		{D2B2F652-C6ED-43D6-B42C-9883FBD87E1C}.Release|Any CPU.Build.0 = Release|Any CPU
		{367BABA8-4046-4058-BAA7-8693B92DBCEE}.Debug|Any CPU.ActiveCfg = Debug|Any CPU
		{367BABA8-4046-4058-BAA7-8693B92DBCEE}.Debug|Any CPU.Build.0 = Debug|Any CPU
		{367BABA8-4046-4058-BAA7-8693B92DBCEE}.Release|Any CPU.ActiveCfg = Release|Any CPU
		{367BABA8-4046-4058-BAA7-8693B92DBCEE}.Release|Any CPU.Build.0 = Release|Any CPU
		{1BE93834-B2D6-4175-9D9B-E174B4DB4453}.Debug|Any CPU.ActiveCfg = Debug|Any CPU
		{1BE93834-B2D6-4175-9D9B-E174B4DB4453}.Debug|Any CPU.Build.0 = Debug|Any CPU
		{1BE93834-B2D6-4175-9D9B-E174B4DB4453}.Release|Any CPU.ActiveCfg = Release|Any CPU
		{1BE93834-B2D6-4175-9D9B-E174B4DB4453}.Release|Any CPU.Build.0 = Release|Any CPU
	EndGlobalSection
	GlobalSection(SolutionProperties) = preSolution
		HideSolutionNode = FALSE
	EndGlobalSection
	GlobalSection(NestedProjects) = preSolution
		{7C7EE0B9-4301-483F-975B-49A98B113314} = {678A6E6D-AF95-4CF3-9A6B-18EABA01D252}
		{3222E3F4-6168-453D-8F08-FE1EC0008629} = {678A6E6D-AF95-4CF3-9A6B-18EABA01D252}
		{88EEA512-8296-4F9A-84D4-A3D14F26EB31} = {678A6E6D-AF95-4CF3-9A6B-18EABA01D252}
		{D2B2F652-C6ED-43D6-B42C-9883FBD87E1C} = {3222E3F4-6168-453D-8F08-FE1EC0008629}
		{367BABA8-4046-4058-BAA7-8693B92DBCEE} = {88EEA512-8296-4F9A-84D4-A3D14F26EB31}
		{1BE93834-B2D6-4175-9D9B-E174B4DB4453} = {7C7EE0B9-4301-483F-975B-49A98B113314}
	EndGlobalSection
	GlobalSection(ExtensibilityGlobals) = postSolution
		SolutionGuid = {70E3B88D-0999-48CB-A591-1E9B68C68617}
	EndGlobalSection
EndGlobal
